Microsoft Visual Studio Solution File, Format Version 11.00
# Visual Studio 2008

Project("{C157CEF0-E87F-3F62-DD2D-F123CDFE92F2}") = "OS3D_4_5_WIP_REF", "Assembly-CSharp-firstpass.csproj", "{529FC18A-354F-4F5A-646C-1816680E2DB0}"
EndProject
Project("{C157CEF0-E87F-3F62-DD2D-F123CDFE92F2}") = "OS3D_4_5_WIP_REF", "Assembly-CSharp.csproj", "{075ACC11-AC64-072D-4A6C-5B5C7ACA7F1B}"
EndProject
Project("{C157CEF0-E87F-3F62-DD2D-F123CDFE92F2}") = "OS3D_4_5_WIP_REF", "Assembly-UnityScript-firstpass.unityproj", "{1B6DA734-EAF0-0E12-15BA-37AFC4D0CFD2}"
EndProject
Project("{C157CEF0-E87F-3F62-DD2D-F123CDFE92F2}") = "OS3D_4_5_WIP_REF", "Assembly-UnityScript.unityproj", "{58BA8C09-478E-D4D4-68D0-2E50C23054E1}"
EndProject
Project("{C157CEF0-E87F-3F62-DD2D-F123CDFE92F2}") = "OS3D_4_5_WIP_REF", "Assembly-UnityScript-Editor-firstpass.unityproj", "{5D6B7E69-89C7-9D9C-F546-B058186EB2EC}"
EndProject
Project("{C157CEF0-E87F-3F62-DD2D-F123CDFE92F2}") = "OS3D_4_5_WIP_REF", "Assembly-UnityScript-Editor.unityproj", "{999E3C39-8486-A10B-53DA-15CD25CE34A0}"
EndProject
Global
	GlobalSection(SolutionConfigurationPlatforms) = preSolution
		Debug|Any CPU = Debug|Any CPU
		Release|Any CPU = Release|Any CPU
	EndGlobalSection
	GlobalSection(ProjectConfigurationPlatforms) = postSolution
		{529FC18A-354F-4F5A-646C-1816680E2DB0}.Debug|Any CPU.ActiveCfg = Debug|Any CPU
		{529FC18A-354F-4F5A-646C-1816680E2DB0}.Debug|Any CPU.Build.0 = Debug|Any CPU
		{529FC18A-354F-4F5A-646C-1816680E2DB0}.Release|Any CPU.ActiveCfg = Release|Any CPU
		{529FC18A-354F-4F5A-646C-1816680E2DB0}.Release|Any CPU.Build.0 = Release|Any CPU
		{075ACC11-AC64-072D-4A6C-5B5C7ACA7F1B}.Debug|Any CPU.ActiveCfg = Debug|Any CPU
		{075ACC11-AC64-072D-4A6C-5B5C7ACA7F1B}.Debug|Any CPU.Build.0 = Debug|Any CPU
		{075ACC11-AC64-072D-4A6C-5B5C7ACA7F1B}.Release|Any CPU.ActiveCfg = Release|Any CPU
		{075ACC11-AC64-072D-4A6C-5B5C7ACA7F1B}.Release|Any CPU.Build.0 = Release|Any CPU
		{1B6DA734-EAF0-0E12-15BA-37AFC4D0CFD2}.Debug|Any CPU.ActiveCfg = Debug|Any CPU
		{1B6DA734-EAF0-0E12-15BA-37AFC4D0CFD2}.Debug|Any CPU.Build.0 = Debug|Any CPU
		{1B6DA734-EAF0-0E12-15BA-37AFC4D0CFD2}.Release|Any CPU.ActiveCfg = Release|Any CPU
		{1B6DA734-EAF0-0E12-15BA-37AFC4D0CFD2}.Release|Any CPU.Build.0 = Release|Any CPU
		{58BA8C09-478E-D4D4-68D0-2E50C23054E1}.Debug|Any CPU.ActiveCfg = Debug|Any CPU
		{58BA8C09-478E-D4D4-68D0-2E50C23054E1}.Debug|Any CPU.Build.0 = Debug|Any CPU
		{58BA8C09-478E-D4D4-68D0-2E50C23054E1}.Release|Any CPU.ActiveCfg = Release|Any CPU
		{58BA8C09-478E-D4D4-68D0-2E50C23054E1}.Release|Any CPU.Build.0 = Release|Any CPU
		{5D6B7E69-89C7-9D9C-F546-B058186EB2EC}.Debug|Any CPU.ActiveCfg = Debug|Any CPU
		{5D6B7E69-89C7-9D9C-F546-B058186EB2EC}.Debug|Any CPU.Build.0 = Debug|Any CPU
		{5D6B7E69-89C7-9D9C-F546-B058186EB2EC}.Release|Any CPU.ActiveCfg = Release|Any CPU
		{5D6B7E69-89C7-9D9C-F546-B058186EB2EC}.Release|Any CPU.Build.0 = Release|Any CPU
		{999E3C39-8486-A10B-53DA-15CD25CE34A0}.Debug|Any CPU.ActiveCfg = Debug|Any CPU
		{999E3C39-8486-A10B-53DA-15CD25CE34A0}.Debug|Any CPU.Build.0 = Debug|Any CPU
		{999E3C39-8486-A10B-53DA-15CD25CE34A0}.Release|Any CPU.ActiveCfg = Release|Any CPU
		{999E3C39-8486-A10B-53DA-15CD25CE34A0}.Release|Any CPU.Build.0 = Release|Any CPU
	EndGlobalSection
	GlobalSection(SolutionProperties) = preSolution
		HideSolutionNode = FALSE
	EndGlobalSection
																																																												GlobalSection(MonoDevelopProperties) = preSolution
		StartupItem = Assembly-CSharp.csproj
		Policies = $0
		$0.TextStylePolicy = $1
		$1.inheritsSet = null
		$1.scope = text/x-csharp
		$0.CSharpFormattingPolicy = $2
		$2.inheritsSet = Mono
		$2.inheritsScope = text/x-csharp
		$2.scope = text/x-csharp
		$0.TextStylePolicy = $3
		$3.FileWidth = 120
		$3.TabWidth = 4
		$3.EolMarker = Unix
		$3.inheritsSet = Mono
		$3.inheritsScope = text/plain
		$3.scope = text/plain
	EndGlobalSection

EndGlobal
